{
  "projects": [
    {
      "projectId": "3UGM9QESBjorrc4Kg2zYnR",
      "version": "latest",
      "dependencies": {},
      "lang": "ts",
      "fileLocks": [
        {
          "type": "globalVariant",
          "assetId": "alr69JD76FAv",
          "checksum": "0e6cb7f7943b448387f871d91d3990c0"
        },
        {
          "type": "renderModule",
          "assetId": "q9Bhky9pFVvT",
          "checksum": "c66b28ffd775e1144742733c96c7a43e"
        },
        {
          "type": "cssRules",
          "assetId": "q9Bhky9pFVvT",
          "checksum": "c66b28ffd775e1144742733c96c7a43e"
        },
        {
          "type": "renderModule",
          "assetId": "za4D064K-t",
          "checksum": "64a25bccb35728797a560b8fbf68a289"
        },
        {
          "type": "cssRules",
          "assetId": "za4D064K-t",
          "checksum": "64a25bccb35728797a560b8fbf68a289"
        },
        {
          "type": "renderModule",
          "assetId": "wLchbCnIJO",
          "checksum": "36e13c66baf804488828a71dff160386"
        },
        {
          "type": "cssRules",
          "assetId": "wLchbCnIJO",
          "checksum": "36e13c66baf804488828a71dff160386"
        },
        {
          "type": "renderModule",
          "assetId": "nlJSX5qOBl",
          "checksum": "c3047c0eee076a1291d446d4f1343a0f"
        },
        {
          "type": "cssRules",
          "assetId": "nlJSX5qOBl",
          "checksum": "c3047c0eee076a1291d446d4f1343a0f"
        },
        {
          "type": "renderModule",
          "assetId": "iHNJiietho",
          "checksum": "c2d8368bbe7613ec90520935845100d4"
        },
        {
          "type": "cssRules",
          "assetId": "iHNJiietho",
          "checksum": "c2d8368bbe7613ec90520935845100d4"
        },
        {
          "type": "renderModule",
          "assetId": "bPy7gX0I0X",
          "checksum": "cf1d16aeb8c381973b2fd1e22d8243d1"
        },
        {
          "type": "cssRules",
          "assetId": "bPy7gX0I0X",
          "checksum": "cf1d16aeb8c381973b2fd1e22d8243d1"
        },
        {
          "type": "renderModule",
          "assetId": "pVRNuEeocz",
          "checksum": "e22656e6af470c0272cb03e73c35650f"
        },
        {
          "type": "cssRules",
          "assetId": "pVRNuEeocz",
          "checksum": "e22656e6af470c0272cb03e73c35650f"
        },
        {
          "type": "image",
          "assetId": "gfBER5dnE",
          "checksum": "77455486a86d5d0e11833489eec54ca2"
        },
        {
          "type": "image",
          "assetId": "zR0GytlCG",
          "checksum": "cbf695881c8043f0586a6d0b119d11c1"
        },
        {
          "type": "image",
          "assetId": "ILF54p2XQ",
          "checksum": "36c626ea9669cbd2da6526781acb2266"
        },
        {
          "type": "image",
          "assetId": "4UNgrIRoT",
          "checksum": "42f0e9c59ff8828a35fc542ec6afe150"
        },
        {
          "type": "image",
          "assetId": "E5JNv4LvE",
          "checksum": "cd73ec27fc98e91c68d8eb4a534d4622"
        },
        {
          "type": "image",
          "assetId": "ZSPUdmgOO",
          "checksum": "239a8f566d6bd4b6ff8fecc2f3139bc5"
        },
        {
          "type": "image",
          "assetId": "lo03AMJrb",
          "checksum": "960b3d30d4c67873ac0f11178cbc7204"
        },
        {
          "type": "image",
          "assetId": "QDwkVMe6n",
          "checksum": "120da2bdfb25f10668964254f0a5602d"
        },
        {
          "type": "image",
          "assetId": "OzqNZrvag",
          "checksum": "c443eec1146b5ca0ae07146954a13650"
        },
        {
          "type": "image",
          "assetId": "KfX-OIATr",
          "checksum": "ea26b03ec0758e2fc7842ab459e9c22e"
        },
        {
          "type": "image",
          "assetId": "6oMhY0dO9",
          "checksum": "2a91c6f4e6ee8cc3b29bb65fdee9f81e"
        },
        {
          "type": "image",
          "assetId": "IYCSIWcIb",
          "checksum": "df6c6c450a7dce174ed80cce4b39536d"
        },
        {
          "type": "image",
          "assetId": "O40wvqaS6",
          "checksum": "0104d388de7b34b0cc5261b77f1ce8d6"
        },
        {
          "type": "image",
          "assetId": "iX5VdganD",
          "checksum": "7ad158cdd29dc049db93eb56ad3e808f"
        },
        {
          "type": "image",
          "assetId": "GiYnEy5IQ",
          "checksum": "137d9f974e080c5f8c7da29514021d46"
        },
        {
          "assetId": "3UGM9QESBjorrc4Kg2zYnR",
          "type": "projectCss",
          "checksum": "cf5a5558a7ec89d9ac4fc9ade95bb5f4"
        },
        {
          "type": "icon",
          "assetId": "S_l3w6bm5",
          "checksum": "53e4113d7645e608618ae84a4e0bb5d8"
        },
        {
          "type": "icon",
          "assetId": "qjwdShtAs",
          "checksum": "cdfcf74428731383d83be2e4e7109032"
        },
        {
          "type": "icon",
          "assetId": "G6ZN2vHRb",
          "checksum": "0a9f562372088928ec3fd7cfa8762162"
        },
        {
          "type": "icon",
          "assetId": "2NASHof2q",
          "checksum": "792ae98203c7dfb8222a2c9dbd71b113"
        },
        {
          "type": "icon",
          "assetId": "nSiW_ELy5",
          "checksum": "427511a7e88505a76d05c93535f7a73b"
        },
        {
          "type": "icon",
          "assetId": "CCASS4Jkn",
          "checksum": "29c533c7f3dea0afeedbcf9f12e5df20"
        }
      ]
    }
  ],
  "cliVersion": "0.1.149"
}
